// !$*UTF8*$!
{
	archiveVersion = 1;
	classes = {
	};
	objectVersion = 56;
	objects = {

/* Begin PBXBuildFile section */
		BE435CBA29E4DD8500A8D16E /* IdentifiedMeasurement.swift in Sources */ = {isa = PBXBuildFile; fileRef = BE435CB929E4DD8400A8D16E /* IdentifiedMeasurement.swift */; };
		BE435CBC29E4E2A000A8D16E /* WeightHistoryView.swift in Sources */ = {isa = PBXBuildFile; fileRef = BE435CBB29E4E2A000A8D16E /* WeightHistoryView.swift */; };
		BE5825F229E5F845006F75E0 /* SampleEditorView.swift in Sources */ = {isa = PBXBuildFile; fileRef = BE5825F129E5F845006F75E0 /* SampleEditorView.swift */; };
		BE5825F729E617C2006F75E0 /* MeasurementTransformer.swift in Sources */ = {isa = PBXBuildFile; fileRef = BE5825F629E617C2006F75E0 /* MeasurementTransformer.swift */; };
		BE92CB8629E48046006A158E /* FoodLogApp.swift in Sources */ = {isa = PBXBuildFile; fileRef = BE92CB8529E48046006A158E /* FoodLogApp.swift */; };
		BE92CB8829E48046006A158E /* Persistence.swift in Sources */ = {isa = PBXBuildFile; fileRef = BE92CB8729E48046006A158E /* Persistence.swift */; };
		BE92CB8B29E48046006A158E /* FoodLog.xcdatamodeld in Sources */ = {isa = PBXBuildFile; fileRef = BE92CB8929E48046006A158E /* FoodLog.xcdatamodeld */; };
		BE92CB8F29E48047006A158E /* Assets.xcassets in Resources */ = {isa = PBXBuildFile; fileRef = BE92CB8E29E48047006A158E /* Assets.xcassets */; };
		BE92CB9329E48047006A158E /* Preview Assets.xcassets in Resources */ = {isa = PBXBuildFile; fileRef = BE92CB9229E48047006A158E /* Preview Assets.xcassets */; };
		BE92CB9C29E4808F006A158E /* SampledMeasure.swift in Sources */ = {isa = PBXBuildFile; fileRef = BE92CB9B29E4808F006A158E /* SampledMeasure.swift */; };
		BE92CB9E29E4B1C5006A158E /* Brand.swift in Sources */ = {isa = PBXBuildFile; fileRef = BE92CB9D29E4B1C5006A158E /* Brand.swift */; };
		BE92CBA029E4D07D006A158E /* QuantityType.swift in Sources */ = {isa = PBXBuildFile; fileRef = BE92CB9F29E4D07D006A158E /* QuantityType.swift */; };
		BE9C851129E67E7800E543E6 /* DimensionIdentifier.swift in Sources */ = {isa = PBXBuildFile; fileRef = BE9C851029E67E7800E543E6 /* DimensionIdentifier.swift */; };
/* End PBXBuildFile section */

/* Begin PBXFileReference section */
		BE435CB929E4DD8400A8D16E /* IdentifiedMeasurement.swift */ = {isa = PBXFileReference; lastKnownFileType = sourcecode.swift; path = IdentifiedMeasurement.swift; sourceTree = "<group>"; };
		BE435CBB29E4E2A000A8D16E /* WeightHistoryView.swift */ = {isa = PBXFileReference; lastKnownFileType = sourcecode.swift; path = WeightHistoryView.swift; sourceTree = "<group>"; };
		BE435CBF29E50BE700A8D16E /* weight-data.json */ = {isa = PBXFileReference; lastKnownFileType = text.json; path = "weight-data.json"; sourceTree = "<group>"; };
		BE5825F129E5F845006F75E0 /* SampleEditorView.swift */ = {isa = PBXFileReference; lastKnownFileType = sourcecode.swift; path = SampleEditorView.swift; sourceTree = "<group>"; };
		BE5825F629E617C2006F75E0 /* MeasurementTransformer.swift */ = {isa = PBXFileReference; lastKnownFileType = sourcecode.swift; path = MeasurementTransformer.swift; sourceTree = "<group>"; };
		BE92CB8229E48046006A158E /* FoodLog.app */ = {isa = PBXFileReference; explicitFileType = wrapper.application; includeInIndex = 0; path = FoodLog.app; sourceTree = BUILT_PRODUCTS_DIR; };
		BE92CB8529E48046006A158E /* FoodLogApp.swift */ = {isa = PBXFileReference; lastKnownFileType = sourcecode.swift; path = FoodLogApp.swift; sourceTree = "<group>"; };
		BE92CB8729E48046006A158E /* Persistence.swift */ = {isa = PBXFileReference; lastKnownFileType = sourcecode.swift; path = Persistence.swift; sourceTree = "<group>"; };
		BE92CB8A29E48046006A158E /* FoodLog.xcdatamodel */ = {isa = PBXFileReference; lastKnownFileType = wrapper.xcdatamodel; path = FoodLog.xcdatamodel; sourceTree = "<group>"; };
		BE92CB8E29E48047006A158E /* Assets.xcassets */ = {isa = PBXFileReference; lastKnownFileType = folder.assetcatalog; path = Assets.xcassets; sourceTree = "<group>"; };
		BE92CB9029E48047006A158E /* FoodLog.entitlements */ = {isa = PBXFileReference; lastKnownFileType = text.plist.entitlements; path = FoodLog.entitlements; sourceTree = "<group>"; };
		BE92CB9229E48047006A158E /* Preview Assets.xcassets */ = {isa = PBXFileReference; lastKnownFileType = folder.assetcatalog; path = "Preview Assets.xcassets"; sourceTree = "<group>"; };
		BE92CB9B29E4808F006A158E /* SampledMeasure.swift */ = {isa = PBXFileReference; lastKnownFileType = sourcecode.swift; path = SampledMeasure.swift; sourceTree = "<group>"; };
		BE92CB9D29E4B1C5006A158E /* Brand.swift */ = {isa = PBXFileReference; lastKnownFileType = sourcecode.swift; path = Brand.swift; sourceTree = "<group>"; };
		BE92CB9F29E4D07D006A158E /* QuantityType.swift */ = {isa = PBXFileReference; lastKnownFileType = sourcecode.swift; path = QuantityType.swift; sourceTree = "<group>"; };
		BE9C851029E67E7800E543E6 /* DimensionIdentifier.swift */ = {isa = PBXFileReference; lastKnownFileType = sourcecode.swift; path = DimensionIdentifier.swift; sourceTree = "<group>"; };
/* End PBXFileReference section */

/* Begin PBXFrameworksBuildPhase section */
		BE92CB7F29E48046006A158E /* Frameworks */ = {
			isa = PBXFrameworksBuildPhase;
			buildActionMask = 2147483647;
			files = (
			);
			runOnlyForDeploymentPostprocessing = 0;
		};
/* End PBXFrameworksBuildPhase section */

/* Begin PBXGroup section */
		BE435CBD29E50BA400A8D16E /* WeightLog */ = {
			isa = PBXGroup;
			children = (
				BE5825F029E5F81E006F75E0 /* views */,
				BE435CBE29E50BB500A8D16E /* resources */,
			);
			path = WeightLog;
			sourceTree = "<group>";
		};
		BE435CBE29E50BB500A8D16E /* resources */ = {
			isa = PBXGroup;
			children = (
				BE435CBF29E50BE700A8D16E /* weight-data.json */,
			);
			path = resources;
			sourceTree = "<group>";
		};
		BE5825F029E5F81E006F75E0 /* views */ = {
			isa = PBXGroup;
			children = (
				BE435CBB29E4E2A000A8D16E /* WeightHistoryView.swift */,
				BE5825F129E5F845006F75E0 /* SampleEditorView.swift */,
			);
			path = views;
			sourceTree = "<group>";
		};
		BE5825F329E60326006F75E0 /* Utility */ = {
			isa = PBXGroup;
			children = (
				BE9C851029E67E7800E543E6 /* DimensionIdentifier.swift */,
			);
			path = Utility;
			sourceTree = "<group>";
		};
		BE92CB7929E48046006A158E = {
			isa = PBXGroup;
			children = (
				BE92CB8429E48046006A158E /* FoodLog */,
				BE92CB8329E48046006A158E /* Products */,
			);
			sourceTree = "<group>";
		};
		BE92CB8329E48046006A158E /* Products */ = {
			isa = PBXGroup;
			children = (
				BE92CB8229E48046006A158E /* FoodLog.app */,
			);
			name = Products;
			sourceTree = "<group>";
		};
		BE92CB8429E48046006A158E /* FoodLog */ = {
			isa = PBXGroup;
			children = (
				BE5825F329E60326006F75E0 /* Utility */,
				BE435CBD29E50BA400A8D16E /* WeightLog */,
				BE92CB9929E4805A006A158E /* FoodLibrary */,
				BE92CB8529E48046006A158E /* FoodLogApp.swift */,
				BE92CB8729E48046006A158E /* Persistence.swift */,
				BE92CB8E29E48047006A158E /* Assets.xcassets */,
				BE92CB9029E48047006A158E /* FoodLog.entitlements */,
				BE92CB9129E48047006A158E /* Preview Content */,
			);
			path = FoodLog;
			sourceTree = "<group>";
		};
		BE92CB9129E48047006A158E /* Preview Content */ = {
			isa = PBXGroup;
			children = (
				BE92CB9229E48047006A158E /* Preview Assets.xcassets */,
			);
			path = "Preview Content";
			sourceTree = "<group>";
		};
		BE92CB9929E4805A006A158E /* FoodLibrary */ = {
			isa = PBXGroup;
			children = (
				BE92CB9A29E48077006A158E /* Entities */,
				BE92CB8929E48046006A158E /* FoodLog.xcdatamodeld */,
				BE5825F629E617C2006F75E0 /* MeasurementTransformer.swift */,
			);
			path = FoodLibrary;
			sourceTree = "<group>";
		};
		BE92CB9A29E48077006A158E /* Entities */ = {
			isa = PBXGroup;
			children = (
				BE92CB9B29E4808F006A158E /* SampledMeasure.swift */,
				BE92CB9F29E4D07D006A158E /* QuantityType.swift */,
				BE92CB9D29E4B1C5006A158E /* Brand.swift */,
				BE435CB929E4DD8400A8D16E /* IdentifiedMeasurement.swift */,
			);
			path = Entities;
			sourceTree = "<group>";
		};
/* End PBXGroup section */

/* Begin PBXNativeTarget section */
		BE92CB8129E48046006A158E /* FoodLog */ = {
			isa = PBXNativeTarget;
			buildConfigurationList = BE92CB9629E48047006A158E /* Build configuration list for PBXNativeTarget "FoodLog" */;
			buildPhases = (
				BE92CB7E29E48046006A158E /* Sources */,
				BE92CB7F29E48046006A158E /* Frameworks */,
				BE92CB8029E48046006A158E /* Resources */,
			);
			buildRules = (
			);
			dependencies = (
			);
			name = FoodLog;
			productName = FoodLog;
			productReference = BE92CB8229E48046006A158E /* FoodLog.app */;
			productType = "com.apple.product-type.application";
		};
/* End PBXNativeTarget section */

/* Begin PBXProject section */
		BE92CB7A29E48046006A158E /* Project object */ = {
			isa = PBXProject;
			attributes = {
				BuildIndependentTargetsInParallel = 1;
				LastSwiftUpdateCheck = 1400;
				LastUpgradeCheck = 1430;
				TargetAttributes = {
					BE92CB8129E48046006A158E = {
						CreatedOnToolsVersion = 14.0;
					};
				};
			};
			buildConfigurationList = BE92CB7D29E48046006A158E /* Build configuration list for PBXProject "FoodLog" */;
			compatibilityVersion = "Xcode 14.0";
			developmentRegion = en;
			hasScannedForEncodings = 0;
			knownRegions = (
				en,
				Base,
			);
			mainGroup = BE92CB7929E48046006A158E;
			productRefGroup = BE92CB8329E48046006A158E /* Products */;
			projectDirPath = "";
			projectRoot = "";
			targets = (
				BE92CB8129E48046006A158E /* FoodLog */,
			);
		};
/* End PBXProject section */

/* Begin PBXResourcesBuildPhase section */
		BE92CB8029E48046006A158E /* Resources */ = {
			isa = PBXResourcesBuildPhase;
			buildActionMask = 2147483647;
			files = (
				BE92CB9329E48047006A158E /* Preview Assets.xcassets in Resources */,
				BE92CB8F29E48047006A158E /* Assets.xcassets in Resources */,
			);
			runOnlyForDeploymentPostprocessing = 0;
		};
/* End PBXResourcesBuildPhase section */

/* Begin PBXSourcesBuildPhase section */
		BE92CB7E29E48046006A158E /* Sources */ = {
			isa = PBXSourcesBuildPhase;
			buildActionMask = 2147483647;
			files = (
				BE5825F729E617C2006F75E0 /* MeasurementTransformer.swift in Sources */,
				BE92CB8B29E48046006A158E /* FoodLog.xcdatamodeld in Sources */,
				BE435CBA29E4DD8500A8D16E /* IdentifiedMeasurement.swift in Sources */,
				BE92CB9E29E4B1C5006A158E /* Brand.swift in Sources */,
				BE9C851129E67E7800E543E6 /* DimensionIdentifier.swift in Sources */,
				BE92CB8629E48046006A158E /* FoodLogApp.swift in Sources */,
				BE92CBA029E4D07D006A158E /* QuantityType.swift in Sources */,
				BE435CBC29E4E2A000A8D16E /* WeightHistoryView.swift in Sources */,
				BE92CB9C29E4808F006A158E /* SampledMeasure.swift in Sources */,
				BE5825F229E5F845006F75E0 /* SampleEditorView.swift in Sources */,
				BE92CB8829E48046006A158E /* Persistence.swift in Sources */,
			);
			runOnlyForDeploymentPostprocessing = 0;
		};
/* End PBXSourcesBuildPhase section */

/* Begin XCBuildConfiguration section */
		BE92CB9429E48047006A158E /* Debug */ = {
			isa = XCBuildConfiguration;
			buildSettings = {
				ALWAYS_SEARCH_USER_PATHS = NO;
				CLANG_ANALYZER_NONNULL = YES;
				CLANG_ANALYZER_NUMBER_OBJECT_CONVERSION = YES_AGGRESSIVE;
				CLANG_CXX_LANGUAGE_STANDARD = "gnu++20";
				CLANG_ENABLE_MODULES = YES;
				CLANG_ENABLE_OBJC_ARC = YES;
				CLANG_ENABLE_OBJC_WEAK = YES;
				CLANG_WARN_BLOCK_CAPTURE_AUTORELEASING = YES;
				CLANG_WARN_BOOL_CONVERSION = YES;
				CLANG_WARN_COMMA = YES;
				CLANG_WARN_CONSTANT_CONVERSION = YES;
				CLANG_WARN_DEPRECATED_OBJC_IMPLEMENTATIONS = YES;
				CLANG_WARN_DIRECT_OBJC_ISA_USAGE = YES_ERROR;
				CLANG_WARN_DOCUMENTATION_COMMENTS = YES;
				CLANG_WARN_EMPTY_BODY = YES;
				CLANG_WARN_ENUM_CONVERSION = YES;
				CLANG_WARN_INFINITE_RECURSION = YES;
				CLANG_WARN_INT_CONVERSION = YES;
				CLANG_WARN_NON_LITERAL_NULL_CONVERSION = YES;
				CLANG_WARN_OBJC_IMPLICIT_RETAIN_SELF = YES;
				CLANG_WARN_OBJC_LITERAL_CONVERSION = YES;
				CLANG_WARN_OBJC_ROOT_CLASS = YES_ERROR;
				CLANG_WARN_QUOTED_INCLUDE_IN_FRAMEWORK_HEADER = YES;
				CLANG_WARN_RANGE_LOOP_ANALYSIS = YES;
				CLANG_WARN_STRICT_PROTOTYPES = YES;
				CLANG_WARN_SUSPICIOUS_MOVE = YES;
				CLANG_WARN_UNGUARDED_AVAILABILITY = YES_AGGRESSIVE;
				CLANG_WARN_UNREACHABLE_CODE = YES;
				CLANG_WARN__DUPLICATE_METHOD_MATCH = YES;
				COPY_PHASE_STRIP = NO;
				DEAD_CODE_STRIPPING = YES;
				DEBUG_INFORMATION_FORMAT = dwarf;
				ENABLE_STRICT_OBJC_MSGSEND = YES;
				ENABLE_TESTABILITY = YES;
				GCC_C_LANGUAGE_STANDARD = gnu11;
				GCC_DYNAMIC_NO_PIC = NO;
				GCC_NO_COMMON_BLOCKS = YES;
				GCC_OPTIMIZATION_LEVEL = 0;
				GCC_PREPROCESSOR_DEFINITIONS = (
					"DEBUG=1",
					"$(inherited)",
				);
				GCC_WARN_64_TO_32_BIT_CONVERSION = YES;
				GCC_WARN_ABOUT_RETURN_TYPE = YES_ERROR;
				GCC_WARN_UNDECLARED_SELECTOR = YES;
				GCC_WARN_UNINITIALIZED_AUTOS = YES_AGGRESSIVE;
				GCC_WARN_UNUSED_FUNCTION = YES;
				GCC_WARN_UNUSED_VARIABLE = YES;
				MTL_ENABLE_DEBUG_INFO = INCLUDE_SOURCE;
				MTL_FAST_MATH = YES;
				ONLY_ACTIVE_ARCH = YES;
				SWIFT_ACTIVE_COMPILATION_CONDITIONS = DEBUG;
				SWIFT_OPTIMIZATION_LEVEL = "-Onone";
			};
			name = Debug;
		};
		BE92CB9529E48047006A158E /* Release */ = {
			isa = XCBuildConfiguration;
			buildSettings = {
				ALWAYS_SEARCH_USER_PATHS = NO;
				CLANG_ANALYZER_NONNULL = YES;
				CLANG_ANALYZER_NUMBER_OBJECT_CONVERSION = YES_AGGRESSIVE;
				CLANG_CXX_LANGUAGE_STANDARD = "gnu++20";
				CLANG_ENABLE_MODULES = YES;
				CLANG_ENABLE_OBJC_ARC = YES;
				CLANG_ENABLE_OBJC_WEAK = YES;
				CLANG_WARN_BLOCK_CAPTURE_AUTORELEASING = YES;
				CLANG_WARN_BOOL_CONVERSION = YES;
				CLANG_WARN_COMMA = YES;
				CLANG_WARN_CONSTANT_CONVERSION = YES;
				CLANG_WARN_DEPRECATED_OBJC_IMPLEMENTATIONS = YES;
				CLANG_WARN_DIRECT_OBJC_ISA_USAGE = YES_ERROR;
				CLANG_WARN_DOCUMENTATION_COMMENTS = YES;
				CLANG_WARN_EMPTY_BODY = YES;
				CLANG_WARN_ENUM_CONVERSION = YES;
				CLANG_WARN_INFINITE_RECURSION = YES;
				CLANG_WARN_INT_CONVERSION = YES;
				CLANG_WARN_NON_LITERAL_NULL_CONVERSION = YES;
				CLANG_WARN_OBJC_IMPLICIT_RETAIN_SELF = YES;
				CLANG_WARN_OBJC_LITERAL_CONVERSION = YES;
				CLANG_WARN_OBJC_ROOT_CLASS = YES_ERROR;
				CLANG_WARN_QUOTED_INCLUDE_IN_FRAMEWORK_HEADER = YES;
				CLANG_WARN_RANGE_LOOP_ANALYSIS = YES;
				CLANG_WARN_STRICT_PROTOTYPES = YES;
				CLANG_WARN_SUSPICIOUS_MOVE = YES;
				CLANG_WARN_UNGUARDED_AVAILABILITY = YES_AGGRESSIVE;
				CLANG_WARN_UNREACHABLE_CODE = YES;
				CLANG_WARN__DUPLICATE_METHOD_MATCH = YES;
				COPY_PHASE_STRIP = NO;
				DEAD_CODE_STRIPPING = YES;
				DEBUG_INFORMATION_FORMAT = "dwarf-with-dsym";
				ENABLE_NS_ASSERTIONS = NO;
				ENABLE_STRICT_OBJC_MSGSEND = YES;
				GCC_C_LANGUAGE_STANDARD = gnu11;
				GCC_NO_COMMON_BLOCKS = YES;
				GCC_WARN_64_TO_32_BIT_CONVERSION = YES;
				GCC_WARN_ABOUT_RETURN_TYPE = YES_ERROR;
				GCC_WARN_UNDECLARED_SELECTOR = YES;
				GCC_WARN_UNINITIALIZED_AUTOS = YES_AGGRESSIVE;
				GCC_WARN_UNUSED_FUNCTION = YES;
				GCC_WARN_UNUSED_VARIABLE = YES;
				MTL_ENABLE_DEBUG_INFO = NO;
				MTL_FAST_MATH = YES;
				SWIFT_COMPILATION_MODE = wholemodule;
				SWIFT_OPTIMIZATION_LEVEL = "-O";
			};
			name = Release;
		};
		BE92CB9729E48047006A158E /* Debug */ = {
			isa = XCBuildConfiguration;
			buildSettings = {
				ASSETCATALOG_COMPILER_APPICON_NAME = AppIcon;
				ASSETCATALOG_COMPILER_GLOBAL_ACCENT_COLOR_NAME = AccentColor;
				CODE_SIGN_ENTITLEMENTS = FoodLog/FoodLog.entitlements;
				CODE_SIGN_IDENTITY = "Apple Development";
				"CODE_SIGN_IDENTITY[sdk=macosx*]" = "Apple Development";
				CODE_SIGN_STYLE = Automatic;
				CURRENT_PROJECT_VERSION = 1;
				DEAD_CODE_STRIPPING = YES;
				DEVELOPMENT_ASSET_PATHS = "\"FoodLog/Preview Content\"";
				DEVELOPMENT_TEAM = F9W7698934;
				ENABLE_HARDENED_RUNTIME = YES;
				ENABLE_PREVIEWS = YES;
				GENERATE_INFOPLIST_FILE = YES;
				"INFOPLIST_KEY_UIApplicationSceneManifest_Generation[sdk=iphoneos*]" = YES;
				"INFOPLIST_KEY_UIApplicationSceneManifest_Generation[sdk=iphonesimulator*]" = YES;
				"INFOPLIST_KEY_UIApplicationSupportsIndirectInputEvents[sdk=iphoneos*]" = YES;
				"INFOPLIST_KEY_UIApplicationSupportsIndirectInputEvents[sdk=iphonesimulator*]" = YES;
				"INFOPLIST_KEY_UILaunchScreen_Generation[sdk=iphoneos*]" = YES;
				"INFOPLIST_KEY_UILaunchScreen_Generation[sdk=iphonesimulator*]" = YES;
				"INFOPLIST_KEY_UIStatusBarStyle[sdk=iphoneos*]" = UIStatusBarStyleDefault;
				"INFOPLIST_KEY_UIStatusBarStyle[sdk=iphonesimulator*]" = UIStatusBarStyleDefault;
				INFOPLIST_KEY_UISupportedInterfaceOrientations_iPad = "UIInterfaceOrientationPortrait UIInterfaceOrientationPortraitUpsideDown UIInterfaceOrientationLandscapeLeft UIInterfaceOrientationLandscapeRight";
				INFOPLIST_KEY_UISupportedInterfaceOrientations_iPhone = "UIInterfaceOrientationPortrait UIInterfaceOrientationLandscapeLeft UIInterfaceOrientationLandscapeRight";
				IPHONEOS_DEPLOYMENT_TARGET = 16.0;
				LD_RUNPATH_SEARCH_PATHS = "@executable_path/Frameworks";
				"LD_RUNPATH_SEARCH_PATHS[sdk=macosx*]" = "@executable_path/../Frameworks";
				MACOSX_DEPLOYMENT_TARGET = 12.3;
				MARKETING_VERSION = 1.0;
				PRODUCT_BUNDLE_IDENTIFIER = com.Thornton.Mike.FoodLog;
				PRODUCT_NAME = "$(TARGET_NAME)";
				PROVISIONING_PROFILE_SPECIFIER = "";
				SDKROOT = auto;
				SUPPORTED_PLATFORMS = "iphoneos iphonesimulator macosx";
				SWIFT_EMIT_LOC_STRINGS = YES;
				SWIFT_VERSION = 5.0;
				TARGETED_DEVICE_FAMILY = "1,2";
			};
			name = Debug;
		};
		BE92CB9829E48047006A158E /* Release */ = {
			isa = XCBuildConfiguration;
			buildSettings = {
				ASSETCATALOG_COMPILER_APPICON_NAME = AppIcon;
				ASSETCATALOG_COMPILER_GLOBAL_ACCENT_COLOR_NAME = AccentColor;
				CODE_SIGN_ENTITLEMENTS = FoodLog/FoodLog.entitlements;
				CODE_SIGN_STYLE = Automatic;
				CURRENT_PROJECT_VERSION = 1;
				DEAD_CODE_STRIPPING = YES;
				DEVELOPMENT_ASSET_PATHS = "\"FoodLog/Preview Content\"";
				DEVELOPMENT_TEAM = F9W7698934;
				ENABLE_HARDENED_RUNTIME = YES;
				ENABLE_PREVIEWS = YES;
				GENERATE_INFOPLIST_FILE = YES;
				"INFOPLIST_KEY_UIApplicationSceneManifest_Generation[sdk=iphoneos*]" = YES;
				"INFOPLIST_KEY_UIApplicationSceneManifest_Generation[sdk=iphonesimulator*]" = YES;
				"INFOPLIST_KEY_UIApplicationSupportsIndirectInputEvents[sdk=iphoneos*]" = YES;
				"INFOPLIST_KEY_UIApplicationSupportsIndirectInputEvents[sdk=iphonesimulator*]" = YES;
				"INFOPLIST_KEY_UILaunchScreen_Generation[sdk=iphoneos*]" = YES;
				"INFOPLIST_KEY_UILaunchScreen_Generation[sdk=iphonesimulator*]" = YES;
				"INFOPLIST_KEY_UIStatusBarStyle[sdk=iphoneos*]" = UIStatusBarStyleDefault;
				"INFOPLIST_KEY_UIStatusBarStyle[sdk=iphonesimulator*]" = UIStatusBarStyleDefault;
				INFOPLIST_KEY_UISupportedInterfaceOrientations_iPad = "UIInterfaceOrientationPortrait UIInterfaceOrientationPortraitUpsideDown UIInterfaceOrientationLandscapeLeft UIInterfaceOrientationLandscapeRight";
				INFOPLIST_KEY_UISupportedInterfaceOrientations_iPhone = "UIInterfaceOrientationPortrait UIInterfaceOrientationLandscapeLeft UIInterfaceOrientationLandscapeRight";
				IPHONEOS_DEPLOYMENT_TARGET = 16.0;
				LD_RUNPATH_SEARCH_PATHS = "@executable_path/Frameworks";
				"LD_RUNPATH_SEARCH_PATHS[sdk=macosx*]" = "@executable_path/../Frameworks";
				MACOSX_DEPLOYMENT_TARGET = 12.3;
				MARKETING_VERSION = 1.0;
				PRODUCT_BUNDLE_IDENTIFIER = com.Thornton.Mike.FoodLog;
				PRODUCT_NAME = "$(TARGET_NAME)";
				SDKROOT = auto;
				SUPPORTED_PLATFORMS = "iphoneos iphonesimulator macosx";
				SWIFT_EMIT_LOC_STRINGS = YES;
				SWIFT_VERSION = 5.0;
				TARGETED_DEVICE_FAMILY = "1,2";
			};
			name = Release;
		};
/* End XCBuildConfiguration section */

/* Begin XCConfigurationList section */
		BE92CB7D29E48046006A158E /* Build configuration list for PBXProject "FoodLog" */ = {
			isa = XCConfigurationList;
			buildConfigurations = (
				BE92CB9429E48047006A158E /* Debug */,
				BE92CB9529E48047006A158E /* Release */,
			);
			defaultConfigurationIsVisible = 0;
			defaultConfigurationName = Release;
		};
		BE92CB9629E48047006A158E /* Build configuration list for PBXNativeTarget "FoodLog" */ = {
			isa = XCConfigurationList;
			buildConfigurations = (
				BE92CB9729E48047006A158E /* Debug */,
				BE92CB9829E48047006A158E /* Release */,
			);
			defaultConfigurationIsVisible = 0;
			defaultConfigurationName = Release;
		};
/* End XCConfigurationList section */

/* Begin XCVersionGroup section */
		BE92CB8929E48046006A158E /* FoodLog.xcdatamodeld */ = {
			isa = XCVersionGroup;
			children = (
				BE92CB8A29E48046006A158E /* FoodLog.xcdatamodel */,
			);
			currentVersion = BE92CB8A29E48046006A158E /* FoodLog.xcdatamodel */;
			path = FoodLog.xcdatamodeld;
			sourceTree = "<group>";
			versionGroupType = wrapper.xcdatamodel;
		};
/* End XCVersionGroup section */
	};
	rootObject = BE92CB7A29E48046006A158E /* Project object */;
}
